
Microsoft Visual Studio Solution File, Format Version 12.00
# Visual Studio Version 16
VisualStudioVersion = 16.0.30804.86
MinimumVisualStudioVersion = 10.0.40219.1
Project("{888888A0-9F3D-457C-B088-3A5042F75D52}") = "Danh sach lien ket don", "Danh sach lien ket don\Danh sach lien ket don.pyproj", "{A0295A75-CD70-40CB-A175-92342A360B2B}"
EndProject
Global
	GlobalSection(SolutionConfigurationPlatforms) = preSolution
		Debug|Any CPU = Debug|Any CPU
		Release|Any CPU = Release|Any CPU
	EndGlobalSection
	GlobalSection(ProjectConfigurationPlatforms) = postSolution
		{A0295A75-CD70-40CB-A175-92342A360B2B}.Debug|Any CPU.ActiveCfg = Debug|Any CPU
		{A0295A75-CD70-40CB-A175-92342A360B2B}.Release|Any CPU.ActiveCfg = Release|Any CPU
	EndGlobalSection
	GlobalSection(SolutionProperties) = preSolution
		HideSolutionNode = FALSE
	EndGlobalSection
	GlobalSection(ExtensibilityGlobals) = postSolution
		SolutionGuid = {0FC0D7B3-433D-4324-8D30-0E2AE8269527}
	EndGlobalSection
EndGlobal
