
Microsoft Visual Studio Solution File, Format Version 12.00
# Visual Studio Version 16
VisualStudioVersion = 16.0.30804.86
MinimumVisualStudioVersion = 10.0.40219.1
Project("{8BC9CEB8-8B4A-11D0-8D11-00A0C91BC942}") = "Danh sach lien ket don", "Danh sach lien ket don\Danh sach lien ket don.vcxproj", "{0D5C8AE7-4AFA-408F-887C-F761C2C59A38}"
EndProject
Global
	GlobalSection(SolutionConfigurationPlatforms) = preSolution
		Debug|x64 = Debug|x64
		Debug|x86 = Debug|x86
		Release|x64 = Release|x64
		Release|x86 = Release|x86
	EndGlobalSection
	GlobalSection(ProjectConfigurationPlatforms) = postSolution
		{0D5C8AE7-4AFA-408F-887C-F761C2C59A38}.Debug|x64.ActiveCfg = Debug|x64
		{0D5C8AE7-4AFA-408F-887C-F761C2C59A38}.Debug|x64.Build.0 = Debug|x64
		{0D5C8AE7-4AFA-408F-887C-F761C2C59A38}.Debug|x86.ActiveCfg = Debug|Win32
		{0D5C8AE7-4AFA-408F-887C-F761C2C59A38}.Debug|x86.Build.0 = Debug|Win32
		{0D5C8AE7-4AFA-408F-887C-F761C2C59A38}.Release|x64.ActiveCfg = Release|x64
		{0D5C8AE7-4AFA-408F-887C-F761C2C59A38}.Release|x64.Build.0 = Release|x64
		{0D5C8AE7-4AFA-408F-887C-F761C2C59A38}.Release|x86.ActiveCfg = Release|Win32
		{0D5C8AE7-4AFA-408F-887C-F761C2C59A38}.Release|x86.Build.0 = Release|Win32
	EndGlobalSection
	GlobalSection(SolutionProperties) = preSolution
		HideSolutionNode = FALSE
	EndGlobalSection
	GlobalSection(ExtensibilityGlobals) = postSolution
		SolutionGuid = {59813522-2801-4BCA-8C11-3E6A146AAA04}
	EndGlobalSection
EndGlobal
